
Microsoft Visual Studio Solution File, Format Version 12.00
# Visual Studio 2012
Project("{FAE04EC0-301F-11D3-BF4B-00C04F79EFBC}") = "TaskProject", "TaskProject\TaskProject.csproj", "{3CADCBBA-87AA-4B4F-B580-716EE5967035}"
EndProject
Project("{FAE04EC0-301F-11D3-BF4B-00C04F79EFBC}") = "TestProject", "TestProject\TestProject.csproj", "{9000C3C7-448F-4AAA-B974-A1357592E3C2}"
	ProjectSection(ProjectDependencies) = postProject
		{3CADCBBA-87AA-4B4F-B580-716EE5967035} = {3CADCBBA-87AA-4B4F-B580-716EE5967035}
	EndProjectSection
EndProject
Global
	GlobalSection(SolutionConfigurationPlatforms) = preSolution
		Debug|Any CPU = Debug|Any CPU
		Release|Any CPU = Release|Any CPU
	EndGlobalSection
	GlobalSection(ProjectConfigurationPlatforms) = postSolution
		{3CADCBBA-87AA-4B4F-B580-716EE5967035}.Debug|Any CPU.ActiveCfg = Debug|Any CPU
		{3CADCBBA-87AA-4B4F-B580-716EE5967035}.Debug|Any CPU.Build.0 = Debug|Any CPU
		{3CADCBBA-87AA-4B4F-B580-716EE5967035}.Release|Any CPU.ActiveCfg = Release|Any CPU
		{3CADCBBA-87AA-4B4F-B580-716EE5967035}.Release|Any CPU.Build.0 = Release|Any CPU
		{9000C3C7-448F-4AAA-B974-A1357592E3C2}.Debug|Any CPU.ActiveCfg = Debug|Any CPU
		{9000C3C7-448F-4AAA-B974-A1357592E3C2}.Debug|Any CPU.Build.0 = Debug|Any CPU
		{9000C3C7-448F-4AAA-B974-A1357592E3C2}.Release|Any CPU.ActiveCfg = Release|Any CPU
		{9000C3C7-448F-4AAA-B974-A1357592E3C2}.Release|Any CPU.Build.0 = Release|Any CPU
	EndGlobalSection
	GlobalSection(SolutionProperties) = preSolution
		HideSolutionNode = FALSE
	EndGlobalSection
	GlobalSection(ExtensibilityGlobals) = postSolution
		SolutionGuid = {E3989DE1-A40A-4C26-8F01-C14BFE3324C6}
	EndGlobalSection
EndGlobal
